{
  "version": 4,
  "terraform_version": "1.2.2",
  "serial": 21,
  "lineage": "93b5888d-5de5-9bb6-3682-19a3c9a74739",
  "outputs": {
    "external_ip_address_vm": {
      "value": "51.250.2.39",
      "type": "string"
    },
    "internal_ip_address_vm": {
      "value": "192.168.10.29",
      "type": "string"
    }
  },
  "resources": [
    {
      "mode": "managed",
      "type": "yandex_compute_instance",
      "name": "vm",
      "provider": "provider[\"registry.terraform.io/yandex-cloud/yandex\"]",
      "instances": [
        {
          "schema_version": 1,
          "attributes": {
            "allow_recreate": null,
            "allow_stopping_for_update": null,
            "boot_disk": [
              {
                "auto_delete": true,
                "device_name": "fhm8tku7lf9hnt2ntr4m",
                "disk_id": "fhm8tku7lf9hnt2ntr4m",
                "initialize_params": [
                  {
                    "block_size": 4096,
                    "description": "",
                    "image_id": "fd87tirk5i8vitv9uuo1",
                    "name": "",
                    "size": 5,
                    "snapshot_id": "",
                    "type": "network-hdd"
                  }
                ],
                "mode": "READ_WRITE"
              }
            ],
            "created_at": "2022-06-13T10:27:43Z",
            "description": "",
            "folder_id": "b1g17mdarsc1bia6qhjt",
            "fqdn": "fhmo6atb4emf4nqq2sln.auto.internal",
            "hostname": "fhmo6atb4emf4nqq2sln",
            "id": "fhmo6atb4emf4nqq2sln",
            "labels": null,
            "metadata": {
              "ssh-keys": "ubuntu:ssh-rsa AAAAB3NzaC1yc2EAAAADAQABAAABAQDJBl+Kn/EyVo4pBP1pVg7ZlXcOnBxXfl9Bw95/LgFopshHOoDjRwQBFwWAY83H1xKETzDh1OCxlp1HppGNd00B2Lrs8ZFsQBmaZp7L0XD1QjRxIlw09aGWPJLs6Yw9cc0n2scQv9fqLqbiKXdXFF4lGydkAR1ZW298IFM6lfCBNKJlJQJppg6zQTxhtveTVu+49OJTVQ9fcfPBloxvryWo0d/7UaAylEjxqP0/pslwi945A1xrkuebdM6GS6Id4aFvMLwf9N+XF5SAVqKvE/9OWgNaeq8OqoYSidVmYUzf9ExNEO5YuSgAPlHehpzVM2PiLnsfelsEBuW6wC5LVYOX pligin@ubuntu\n"
            },
            "name": "ubuntu",
            "network_acceleration_type": "standard",
            "network_interface": [
              {
                "dns_record": [],
                "index": 0,
                "ip_address": "192.168.10.29",
                "ipv4": true,
                "ipv6": false,
                "ipv6_address": "",
                "ipv6_dns_record": [],
                "mac_address": "d0:0d:18:32:ba:b2",
                "nat": true,
                "nat_dns_record": [],
                "nat_ip_address": "51.250.2.39",
                "nat_ip_version": "IPV4",
                "security_group_ids": [],
                "subnet_id": "e9bc9nrpjehgbbife0ni"
              }
            ],
            "placement_policy": [
              {
                "host_affinity_rules": [],
                "placement_group_id": ""
              }
            ],
            "platform_id": "standard-v1",
            "resources": [
              {
                "core_fraction": 100,
                "cores": 2,
                "gpus": 0,
                "memory": 2
              }
            ],
            "scheduling_policy": [
              {
                "preemptible": false
              }
            ],
            "secondary_disk": [],
            "service_account_id": "",
            "status": "running",
            "timeouts": null,
            "zone": "ru-central1-a"
          },
          "sensitive_attributes": [],
          "private": "eyJlMmJmYjczMC1lY2FhLTExZTYtOGY4OC0zNDM2M2JjN2M0YzAiOnsiY3JlYXRlIjozMDAwMDAwMDAwMDAsImRlbGV0ZSI6MzAwMDAwMDAwMDAwLCJ1cGRhdGUiOjMwMDAwMDAwMDAwMH0sInNjaGVtYV92ZXJzaW9uIjoiMSJ9",
          "dependencies": [
            "yandex_vpc_network.network-1",
            "yandex_vpc_subnet.subnet-1"
          ]
        }
      ]
    },
    {
      "mode": "managed",
      "type": "yandex_vpc_network",
      "name": "network-1",
      "provider": "provider[\"registry.terraform.io/yandex-cloud/yandex\"]",
      "instances": [
        {
          "schema_version": 0,
          "attributes": {
            "created_at": "2022-06-13T10:27:42Z",
            "default_security_group_id": "",
            "description": "",
            "folder_id": "b1g17mdarsc1bia6qhjt",
            "id": "enpa5j5pl222krq2fnd3",
            "labels": {},
            "name": "network1",
            "subnet_ids": [],
            "timeouts": null
          },
          "sensitive_attributes": [],
          "private": "eyJlMmJmYjczMC1lY2FhLTExZTYtOGY4OC0zNDM2M2JjN2M0YzAiOnsiY3JlYXRlIjo2MDAwMDAwMDAwMCwiZGVsZXRlIjo2MDAwMDAwMDAwMCwidXBkYXRlIjo2MDAwMDAwMDAwMH19"
        }
      ]
    },
    {
      "mode": "managed",
      "type": "yandex_vpc_subnet",
      "name": "subnet-1",
      "provider": "provider[\"registry.terraform.io/yandex-cloud/yandex\"]",
      "instances": [
        {
          "schema_version": 0,
          "attributes": {
            "created_at": "2022-06-13T10:27:42Z",
            "description": "",
            "dhcp_options": [],
            "folder_id": "b1g17mdarsc1bia6qhjt",
            "id": "e9bc9nrpjehgbbife0ni",
            "labels": {},
            "name": "subnet1",
            "network_id": "enpa5j5pl222krq2fnd3",
            "route_table_id": "",
            "timeouts": null,
            "v4_cidr_blocks": [
              "192.168.10.0/24"
            ],
            "v6_cidr_blocks": [],
            "zone": "ru-central1-a"
          },
          "sensitive_attributes": [],
          "private": "eyJlMmJmYjczMC1lY2FhLTExZTYtOGY4OC0zNDM2M2JjN2M0YzAiOnsiY3JlYXRlIjoxODAwMDAwMDAwMDAsImRlbGV0ZSI6MTgwMDAwMDAwMDAwLCJ1cGRhdGUiOjE4MDAwMDAwMDAwMH19",
          "dependencies": [
            "yandex_vpc_network.network-1"
          ]
        }
      ]
    }
  ]
}
